# This file is automatically @generated by Cargo.
# It is not intended for manual editing.
version = 3

[[package]]
name = "both"
version = "0.1.0"
dependencies = [
 "trait-def",
]

[[package]]
name = "overr"
version = "0.1.0"
dependencies = [
 "trait-def",
]

[[package]]
name = "trait-def"
version = "0.1.0"
